
Microsoft Visual Studio Solution File, Format Version 12.00
# Visual Studio Version 17
VisualStudioVersion = 17.10.35013.160
MinimumVisualStudioVersion = 10.0.40219.1
Project("{FAE04EC0-301F-11D3-BF4B-00C04F79EFBC}") = "RealStateAPI", "RealStateAPI\RealStateAPI.csproj", "{6970A9D7-973A-438B-B927-EF348356A029}"
EndProject
Global
	GlobalSection(SolutionConfigurationPlatforms) = preSolution
		Debug|Any CPU = Debug|Any CPU
		Release|Any CPU = Release|Any CPU
	EndGlobalSection
	GlobalSection(ProjectConfigurationPlatforms) = postSolution
		{6970A9D7-973A-438B-B927-EF348356A029}.Debug|Any CPU.ActiveCfg = Debug|Any CPU
		{6970A9D7-973A-438B-B927-EF348356A029}.Debug|Any CPU.Build.0 = Debug|Any CPU
		{6970A9D7-973A-438B-B927-EF348356A029}.Release|Any CPU.ActiveCfg = Release|Any CPU
		{6970A9D7-973A-438B-B927-EF348356A029}.Release|Any CPU.Build.0 = Release|Any CPU
	EndGlobalSection
	GlobalSection(SolutionProperties) = preSolution
		HideSolutionNode = FALSE
	EndGlobalSection
	GlobalSection(ExtensibilityGlobals) = postSolution
		SolutionGuid = {379FE5E4-56F0-4EDC-A90F-ACAD82F1F625}
	EndGlobalSection
EndGlobal
